// !$*UTF8*$!
{
	archiveVersion = 1;
	classes = {
	};
	objectVersion = 48;
	objects = {

/* Begin PBXBuildFile section */
		523D149C1F82A76400DE989A /* AppDelegate.swift in Sources */ = {isa = PBXBuildFile; fileRef = 523D149B1F82A76400DE989A /* AppDelegate.swift */; };
		523D14A11F82A76400DE989A /* Main.storyboard in Resources */ = {isa = PBXBuildFile; fileRef = 523D149F1F82A76400DE989A /* Main.storyboard */; };
		523D14A31F82A76400DE989A /* Assets.xcassets in Resources */ = {isa = PBXBuildFile; fileRef = 523D14A21F82A76400DE989A /* Assets.xcassets */; };
		523D14A61F82A76400DE989A /* LaunchScreen.storyboard in Resources */ = {isa = PBXBuildFile; fileRef = 523D14A41F82A76400DE989A /* LaunchScreen.storyboard */; };
		523D14B21F82B8FC00DE989A /* TableViewController.swift in Sources */ = {isa = PBXBuildFile; fileRef = 523D14B11F82B8FC00DE989A /* TableViewController.swift */; };
		52D4952721F221A700B68E0E /* GoogleService-Info.plist in Resources */ = {isa = PBXBuildFile; fileRef = 52D4952621F221A700B68E0E /* GoogleService-Info.plist */; };
		52D4952921F2248E00B68E0E /* Sweet.swift in Sources */ = {isa = PBXBuildFile; fileRef = 52D4952821F2248E00B68E0E /* Sweet.swift */; };
		E355921A0F850539356C7C30 /* Pods_firestoreapp.framework in Frameworks */ = {isa = PBXBuildFile; fileRef = FA85354401BD1AEB22A01537 /* Pods_firestoreapp.framework */; };
/* End PBXBuildFile section */

/* Begin PBXFileReference section */
		4696C5119C2331A7A8183685 /* Pods-firestoreapp.release.xcconfig */ = {isa = PBXFileReference; includeInIndex = 1; lastKnownFileType = text.xcconfig; name = "Pods-firestoreapp.release.xcconfig"; path = "Pods/Target Support Files/Pods-firestoreapp/Pods-firestoreapp.release.xcconfig"; sourceTree = "<group>"; };
		523D14981F82A76400DE989A /* firestoreapp.app */ = {isa = PBXFileReference; explicitFileType = wrapper.application; includeInIndex = 0; path = firestoreapp.app; sourceTree = BUILT_PRODUCTS_DIR; };
		523D149B1F82A76400DE989A /* AppDelegate.swift */ = {isa = PBXFileReference; lastKnownFileType = sourcecode.swift; path = AppDelegate.swift; sourceTree = "<group>"; };
		523D14A01F82A76400DE989A /* Base */ = {isa = PBXFileReference; lastKnownFileType = file.storyboard; name = Base; path = Base.lproj/Main.storyboard; sourceTree = "<group>"; };
		523D14A21F82A76400DE989A /* Assets.xcassets */ = {isa = PBXFileReference; lastKnownFileType = folder.assetcatalog; path = Assets.xcassets; sourceTree = "<group>"; };
		523D14A51F82A76400DE989A /* Base */ = {isa = PBXFileReference; lastKnownFileType = file.storyboard; name = Base; path = Base.lproj/LaunchScreen.storyboard; sourceTree = "<group>"; };
		523D14A71F82A76400DE989A /* Info.plist */ = {isa = PBXFileReference; lastKnownFileType = text.plist.xml; path = Info.plist; sourceTree = "<group>"; };
		523D14B11F82B8FC00DE989A /* TableViewController.swift */ = {isa = PBXFileReference; lastKnownFileType = sourcecode.swift; path = TableViewController.swift; sourceTree = "<group>"; };
		52D4952621F221A700B68E0E /* GoogleService-Info.plist */ = {isa = PBXFileReference; fileEncoding = 4; lastKnownFileType = text.plist.xml; path = "GoogleService-Info.plist"; sourceTree = "<group>"; };
		52D4952821F2248E00B68E0E /* Sweet.swift */ = {isa = PBXFileReference; lastKnownFileType = sourcecode.swift; path = Sweet.swift; sourceTree = "<group>"; };
		96901B1CA29DEC33AB42FADC /* Pods-firestoreapp.debug.xcconfig */ = {isa = PBXFileReference; includeInIndex = 1; lastKnownFileType = text.xcconfig; name = "Pods-firestoreapp.debug.xcconfig"; path = "Pods/Target Support Files/Pods-firestoreapp/Pods-firestoreapp.debug.xcconfig"; sourceTree = "<group>"; };
		FA85354401BD1AEB22A01537 /* Pods_firestoreapp.framework */ = {isa = PBXFileReference; explicitFileType = wrapper.framework; includeInIndex = 0; path = Pods_firestoreapp.framework; sourceTree = BUILT_PRODUCTS_DIR; };
/* End PBXFileReference section */

/* Begin PBXFrameworksBuildPhase section */
		523D14951F82A76400DE989A /* Frameworks */ = {
			isa = PBXFrameworksBuildPhase;
			buildActionMask = 2147483647;
			files = (
				E355921A0F850539356C7C30 /* Pods_firestoreapp.framework in Frameworks */,
			);
			runOnlyForDeploymentPostprocessing = 0;
		};
/* End PBXFrameworksBuildPhase section */

/* Begin PBXGroup section */
		523D148F1F82A76400DE989A = {
			isa = PBXGroup;
			children = (
				523D149A1F82A76400DE989A /* firestoreapp */,
				523D14991F82A76400DE989A /* Products */,
				D65A34BCC98EA4F7F7122681 /* Pods */,
				80A8B0A0CCC7A860D27F1E59 /* Frameworks */,
			);
			sourceTree = "<group>";
		};
		523D14991F82A76400DE989A /* Products */ = {
			isa = PBXGroup;
			children = (
				523D14981F82A76400DE989A /* firestoreapp.app */,
			);
			name = Products;
			sourceTree = "<group>";
		};
		523D149A1F82A76400DE989A /* firestoreapp */ = {
			isa = PBXGroup;
			children = (
				52D4952821F2248E00B68E0E /* Sweet.swift */,
				523D149B1F82A76400DE989A /* AppDelegate.swift */,
				523D14B11F82B8FC00DE989A /* TableViewController.swift */,
				523D149F1F82A76400DE989A /* Main.storyboard */,
				523D14A21F82A76400DE989A /* Assets.xcassets */,
				523D14A41F82A76400DE989A /* LaunchScreen.storyboard */,
				523D14A71F82A76400DE989A /* Info.plist */,
				52D4952621F221A700B68E0E /* GoogleService-Info.plist */,
			);
			path = firestoreapp;
			sourceTree = "<group>";
		};
		80A8B0A0CCC7A860D27F1E59 /* Frameworks */ = {
			isa = PBXGroup;
			children = (
				FA85354401BD1AEB22A01537 /* Pods_firestoreapp.framework */,
			);
			name = Frameworks;
			sourceTree = "<group>";
		};
		D65A34BCC98EA4F7F7122681 /* Pods */ = {
			isa = PBXGroup;
			children = (
				96901B1CA29DEC33AB42FADC /* Pods-firestoreapp.debug.xcconfig */,
				4696C5119C2331A7A8183685 /* Pods-firestoreapp.release.xcconfig */,
			);
			name = Pods;
			sourceTree = "<group>";
		};
/* End PBXGroup section */

/* Begin PBXNativeTarget section */
		523D14971F82A76400DE989A /* firestoreapp */ = {
			isa = PBXNativeTarget;
			buildConfigurationList = 523D14AA1F82A76400DE989A /* Build configuration list for PBXNativeTarget "firestoreapp" */;
			buildPhases = (
				25C1A344F7AB6DC39934BE42 /* [CP] Check Pods Manifest.lock */,
				523D14941F82A76400DE989A /* Sources */,
				523D14951F82A76400DE989A /* Frameworks */,
				523D14961F82A76400DE989A /* Resources */,
				0C0FD0B0F6BE1E437E428723 /* [CP] Embed Pods Frameworks */,
			);
			buildRules = (
			);
			dependencies = (
			);
			name = firestoreapp;
			productName = firestoreapp;
			productReference = 523D14981F82A76400DE989A /* firestoreapp.app */;
			productType = "com.apple.product-type.application";
		};
/* End PBXNativeTarget section */

/* Begin PBXProject section */
		523D14901F82A76400DE989A /* Project object */ = {
			isa = PBXProject;
			attributes = {
				LastSwiftUpdateCheck = 0900;
				LastUpgradeCheck = 1010;
				ORGANIZATIONNAME = "Brian Advent";
				TargetAttributes = {
					523D14971F82A76400DE989A = {
						CreatedOnToolsVersion = 9.0;
						LastSwiftMigration = 1010;
						ProvisioningStyle = Automatic;
					};
				};
			};
			buildConfigurationList = 523D14931F82A76400DE989A /* Build configuration list for PBXProject "firestoreapp" */;
			compatibilityVersion = "Xcode 8.0";
			developmentRegion = en;
			hasScannedForEncodings = 0;
			knownRegions = (
				en,
				Base,
			);
			mainGroup = 523D148F1F82A76400DE989A;
			productRefGroup = 523D14991F82A76400DE989A /* Products */;
			projectDirPath = "";
			projectRoot = "";
			targets = (
				523D14971F82A76400DE989A /* firestoreapp */,
			);
		};
/* End PBXProject section */

/* Begin PBXResourcesBuildPhase section */
		523D14961F82A76400DE989A /* Resources */ = {
			isa = PBXResourcesBuildPhase;
			buildActionMask = 2147483647;
			files = (
				523D14A61F82A76400DE989A /* LaunchScreen.storyboard in Resources */,
				52D4952721F221A700B68E0E /* GoogleService-Info.plist in Resources */,
				523D14A31F82A76400DE989A /* Assets.xcassets in Resources */,
				523D14A11F82A76400DE989A /* Main.storyboard in Resources */,
			);
			runOnlyForDeploymentPostprocessing = 0;
		};
/* End PBXResourcesBuildPhase section */

/* Begin PBXShellScriptBuildPhase section */
		0C0FD0B0F6BE1E437E428723 /* [CP] Embed Pods Frameworks */ = {
			isa = PBXShellScriptBuildPhase;
			buildActionMask = 2147483647;
			files = (
			);
			inputPaths = (
				"${SRCROOT}/Pods/Target Support Files/Pods-firestoreapp/Pods-firestoreapp-frameworks.sh",
				"${BUILT_PRODUCTS_DIR}/BoringSSL-GRPC/openssl_grpc.framework",
				"${BUILT_PRODUCTS_DIR}/GTMSessionFetcher/GTMSessionFetcher.framework",
				"${BUILT_PRODUCTS_DIR}/GoogleToolboxForMac/GoogleToolboxForMac.framework",
				"${BUILT_PRODUCTS_DIR}/Protobuf/Protobuf.framework",
				"${BUILT_PRODUCTS_DIR}/gRPC/GRPCClient.framework",
				"${BUILT_PRODUCTS_DIR}/gRPC-Core/grpc.framework",
				"${BUILT_PRODUCTS_DIR}/gRPC-ProtoRPC/ProtoRPC.framework",
				"${BUILT_PRODUCTS_DIR}/gRPC-RxLibrary/RxLibrary.framework",
				"${BUILT_PRODUCTS_DIR}/leveldb-library/leveldb.framework",
				"${BUILT_PRODUCTS_DIR}/nanopb/nanopb.framework",
			);
			name = "[CP] Embed Pods Frameworks";
			outputPaths = (
				"${TARGET_BUILD_DIR}/${FRAMEWORKS_FOLDER_PATH}/openssl_grpc.framework",
				"${TARGET_BUILD_DIR}/${FRAMEWORKS_FOLDER_PATH}/GTMSessionFetcher.framework",
				"${TARGET_BUILD_DIR}/${FRAMEWORKS_FOLDER_PATH}/GoogleToolboxForMac.framework",
				"${TARGET_BUILD_DIR}/${FRAMEWORKS_FOLDER_PATH}/Protobuf.framework",
				"${TARGET_BUILD_DIR}/${FRAMEWORKS_FOLDER_PATH}/GRPCClient.framework",
				"${TARGET_BUILD_DIR}/${FRAMEWORKS_FOLDER_PATH}/grpc.framework",
				"${TARGET_BUILD_DIR}/${FRAMEWORKS_FOLDER_PATH}/ProtoRPC.framework",
				"${TARGET_BUILD_DIR}/${FRAMEWORKS_FOLDER_PATH}/RxLibrary.framework",
				"${TARGET_BUILD_DIR}/${FRAMEWORKS_FOLDER_PATH}/leveldb.framework",
				"${TARGET_BUILD_DIR}/${FRAMEWORKS_FOLDER_PATH}/nanopb.framework",
			);
			runOnlyForDeploymentPostprocessing = 0;
			shellPath = /bin/sh;
			shellScript = "\"${SRCROOT}/Pods/Target Support Files/Pods-firestoreapp/Pods-firestoreapp-frameworks.sh\"\n";
			showEnvVarsInLog = 0;
		};
		25C1A344F7AB6DC39934BE42 /* [CP] Check Pods Manifest.lock */ = {
			isa = PBXShellScriptBuildPhase;
			buildActionMask = 2147483647;
			files = (
			);
			inputPaths = (
				"${PODS_PODFILE_DIR_PATH}/Podfile.lock",
				"${PODS_ROOT}/Manifest.lock",
			);
			name = "[CP] Check Pods Manifest.lock";
			outputPaths = (
				"$(DERIVED_FILE_DIR)/Pods-firestoreapp-checkManifestLockResult.txt",
			);
			runOnlyForDeploymentPostprocessing = 0;
			shellPath = /bin/sh;
			shellScript = "diff \"${PODS_PODFILE_DIR_PATH}/Podfile.lock\" \"${PODS_ROOT}/Manifest.lock\" > /dev/null\nif [ $? != 0 ] ; then\n    # print error to STDERR\n    echo \"error: The sandbox is not in sync with the Podfile.lock. Run 'pod install' or update your CocoaPods installation.\" >&2\n    exit 1\nfi\n# This output is used by Xcode 'outputs' to avoid re-running this script phase.\necho \"SUCCESS\" > \"${SCRIPT_OUTPUT_FILE_0}\"\n";
			showEnvVarsInLog = 0;
		};
/* End PBXShellScriptBuildPhase section */

/* Begin PBXSourcesBuildPhase section */
		523D14941F82A76400DE989A /* Sources */ = {
			isa = PBXSourcesBuildPhase;
			buildActionMask = 2147483647;
			files = (
				52D4952921F2248E00B68E0E /* Sweet.swift in Sources */,
				523D14B21F82B8FC00DE989A /* TableViewController.swift in Sources */,
				523D149C1F82A76400DE989A /* AppDelegate.swift in Sources */,
			);
			runOnlyForDeploymentPostprocessing = 0;
		};
/* End PBXSourcesBuildPhase section */

/* Begin PBXVariantGroup section */
		523D149F1F82A76400DE989A /* Main.storyboard */ = {
			isa = PBXVariantGroup;
			children = (
				523D14A01F82A76400DE989A /* Base */,
			);
			name = Main.storyboard;
			sourceTree = "<group>";
		};
		523D14A41F82A76400DE989A /* LaunchScreen.storyboard */ = {
			isa = PBXVariantGroup;
			children = (
				523D14A51F82A76400DE989A /* Base */,
			);
			name = LaunchScreen.storyboard;
			sourceTree = "<group>";
		};
/* End PBXVariantGroup section */

/* Begin XCBuildConfiguration section */
		523D14A81F82A76400DE989A /* Debug */ = {
			isa = XCBuildConfiguration;
			buildSettings = {
				ALWAYS_SEARCH_USER_PATHS = NO;
				CLANG_ANALYZER_NONNULL = YES;
				CLANG_ANALYZER_NUMBER_OBJECT_CONVERSION = YES_AGGRESSIVE;
				CLANG_CXX_LANGUAGE_STANDARD = "gnu++14";
				CLANG_CXX_LIBRARY = "libc++";
				CLANG_ENABLE_MODULES = YES;
				CLANG_ENABLE_OBJC_ARC = YES;
				CLANG_WARN_BLOCK_CAPTURE_AUTORELEASING = YES;
				CLANG_WARN_BOOL_CONVERSION = YES;
				CLANG_WARN_COMMA = YES;
				CLANG_WARN_CONSTANT_CONVERSION = YES;
				CLANG_WARN_DEPRECATED_OBJC_IMPLEMENTATIONS = YES;
				CLANG_WARN_DIRECT_OBJC_ISA_USAGE = YES_ERROR;
				CLANG_WARN_DOCUMENTATION_COMMENTS = YES;
				CLANG_WARN_EMPTY_BODY = YES;
				CLANG_WARN_ENUM_CONVERSION = YES;
				CLANG_WARN_INFINITE_RECURSION = YES;
				CLANG_WARN_INT_CONVERSION = YES;
				CLANG_WARN_NON_LITERAL_NULL_CONVERSION = YES;
				CLANG_WARN_OBJC_IMPLICIT_RETAIN_SELF = YES;
				CLANG_WARN_OBJC_LITERAL_CONVERSION = YES;
				CLANG_WARN_OBJC_ROOT_CLASS = YES_ERROR;
				CLANG_WARN_RANGE_LOOP_ANALYSIS = YES;
				CLANG_WARN_STRICT_PROTOTYPES = YES;
				CLANG_WARN_SUSPICIOUS_MOVE = YES;
				CLANG_WARN_UNGUARDED_AVAILABILITY = YES_AGGRESSIVE;
				CLANG_WARN_UNREACHABLE_CODE = YES;
				CLANG_WARN__DUPLICATE_METHOD_MATCH = YES;
				CODE_SIGN_IDENTITY = "iPhone Developer";
				COPY_PHASE_STRIP = NO;
				DEBUG_INFORMATION_FORMAT = dwarf;
				ENABLE_STRICT_OBJC_MSGSEND = YES;
				ENABLE_TESTABILITY = YES;
				GCC_C_LANGUAGE_STANDARD = gnu11;
				GCC_DYNAMIC_NO_PIC = NO;
				GCC_NO_COMMON_BLOCKS = YES;
				GCC_OPTIMIZATION_LEVEL = 0;
				GCC_PREPROCESSOR_DEFINITIONS = (
					"DEBUG=1",
					"$(inherited)",
				);
				GCC_WARN_64_TO_32_BIT_CONVERSION = YES;
				GCC_WARN_ABOUT_RETURN_TYPE = YES_ERROR;
				GCC_WARN_UNDECLARED_SELECTOR = YES;
				GCC_WARN_UNINITIALIZED_AUTOS = YES_AGGRESSIVE;
				GCC_WARN_UNUSED_FUNCTION = YES;
				GCC_WARN_UNUSED_VARIABLE = YES;
				IPHONEOS_DEPLOYMENT_TARGET = 12.1;
				MTL_ENABLE_DEBUG_INFO = YES;
				ONLY_ACTIVE_ARCH = YES;
				SDKROOT = iphoneos;
				SWIFT_ACTIVE_COMPILATION_CONDITIONS = DEBUG;
				SWIFT_OPTIMIZATION_LEVEL = "-Onone";
			};
			name = Debug;
		};
		523D14A91F82A76400DE989A /* Release */ = {
			isa = XCBuildConfiguration;
			buildSettings = {
				ALWAYS_SEARCH_USER_PATHS = NO;
				CLANG_ANALYZER_NONNULL = YES;
				CLANG_ANALYZER_NUMBER_OBJECT_CONVERSION = YES_AGGRESSIVE;
				CLANG_CXX_LANGUAGE_STANDARD = "gnu++14";
				CLANG_CXX_LIBRARY = "libc++";
				CLANG_ENABLE_MODULES = YES;
				CLANG_ENABLE_OBJC_ARC = YES;
				CLANG_WARN_BLOCK_CAPTURE_AUTORELEASING = YES;
				CLANG_WARN_BOOL_CONVERSION = YES;
				CLANG_WARN_COMMA = YES;
				CLANG_WARN_CONSTANT_CONVERSION = YES;
				CLANG_WARN_DEPRECATED_OBJC_IMPLEMENTATIONS = YES;
				CLANG_WARN_DIRECT_OBJC_ISA_USAGE = YES_ERROR;
				CLANG_WARN_DOCUMENTATION_COMMENTS = YES;
				CLANG_WARN_EMPTY_BODY = YES;
				CLANG_WARN_ENUM_CONVERSION = YES;
				CLANG_WARN_INFINITE_RECURSION = YES;
				CLANG_WARN_INT_CONVERSION = YES;
				CLANG_WARN_NON_LITERAL_NULL_CONVERSION = YES;
				CLANG_WARN_OBJC_IMPLICIT_RETAIN_SELF = YES;
				CLANG_WARN_OBJC_LITERAL_CONVERSION = YES;
				CLANG_WARN_OBJC_ROOT_CLASS = YES_ERROR;
				CLANG_WARN_RANGE_LOOP_ANALYSIS = YES;
				CLANG_WARN_STRICT_PROTOTYPES = YES;
				CLANG_WARN_SUSPICIOUS_MOVE = YES;
				CLANG_WARN_UNGUARDED_AVAILABILITY = YES_AGGRESSIVE;
				CLANG_WARN_UNREACHABLE_CODE = YES;
				CLANG_WARN__DUPLICATE_METHOD_MATCH = YES;
				CODE_SIGN_IDENTITY = "iPhone Developer";
				COPY_PHASE_STRIP = NO;
				DEBUG_INFORMATION_FORMAT = "dwarf-with-dsym";
				ENABLE_NS_ASSERTIONS = NO;
				ENABLE_STRICT_OBJC_MSGSEND = YES;
				GCC_C_LANGUAGE_STANDARD = gnu11;
				GCC_NO_COMMON_BLOCKS = YES;
				GCC_WARN_64_TO_32_BIT_CONVERSION = YES;
				GCC_WARN_ABOUT_RETURN_TYPE = YES_ERROR;
				GCC_WARN_UNDECLARED_SELECTOR = YES;
				GCC_WARN_UNINITIALIZED_AUTOS = YES_AGGRESSIVE;
				GCC_WARN_UNUSED_FUNCTION = YES;
				GCC_WARN_UNUSED_VARIABLE = YES;
				IPHONEOS_DEPLOYMENT_TARGET = 12.1;
				MTL_ENABLE_DEBUG_INFO = NO;
				SDKROOT = iphoneos;
				SWIFT_OPTIMIZATION_LEVEL = "-Owholemodule";
				VALIDATE_PRODUCT = YES;
			};
			name = Release;
		};
		523D14AB1F82A76400DE989A /* Debug */ = {
			isa = XCBuildConfiguration;
			baseConfigurationReference = 96901B1CA29DEC33AB42FADC /* Pods-firestoreapp.debug.xcconfig */;
			buildSettings = {
				ASSETCATALOG_COMPILER_APPICON_NAME = AppIcon;
				CODE_SIGN_STYLE = Automatic;
				DEVELOPMENT_TEAM = 8J82TD62AH;
				INFOPLIST_FILE = firestoreapp/Info.plist;
				LD_RUNPATH_SEARCH_PATHS = "$(inherited) @executable_path/Frameworks";
				PRODUCT_BUNDLE_IDENTIFIER = com.rizos.firestoreapp;
				PRODUCT_NAME = "$(TARGET_NAME)";
				SWIFT_VERSION = 4.2;
				TARGETED_DEVICE_FAMILY = 1;
			};
			name = Debug;
		};
		523D14AC1F82A76400DE989A /* Release */ = {
			isa = XCBuildConfiguration;
			baseConfigurationReference = 4696C5119C2331A7A8183685 /* Pods-firestoreapp.release.xcconfig */;
			buildSettings = {
				ASSETCATALOG_COMPILER_APPICON_NAME = AppIcon;
				CODE_SIGN_STYLE = Automatic;
				DEVELOPMENT_TEAM = 8J82TD62AH;
				INFOPLIST_FILE = firestoreapp/Info.plist;
				LD_RUNPATH_SEARCH_PATHS = "$(inherited) @executable_path/Frameworks";
				PRODUCT_BUNDLE_IDENTIFIER = com.rizos.firestoreapp;
				PRODUCT_NAME = "$(TARGET_NAME)";
				SWIFT_VERSION = 4.2;
				TARGETED_DEVICE_FAMILY = 1;
			};
			name = Release;
		};
/* End XCBuildConfiguration section */

/* Begin XCConfigurationList section */
		523D14931F82A76400DE989A /* Build configuration list for PBXProject "firestoreapp" */ = {
			isa = XCConfigurationList;
			buildConfigurations = (
				523D14A81F82A76400DE989A /* Debug */,
				523D14A91F82A76400DE989A /* Release */,
			);
			defaultConfigurationIsVisible = 0;
			defaultConfigurationName = Release;
		};
		523D14AA1F82A76400DE989A /* Build configuration list for PBXNativeTarget "firestoreapp" */ = {
			isa = XCConfigurationList;
			buildConfigurations = (
				523D14AB1F82A76400DE989A /* Debug */,
				523D14AC1F82A76400DE989A /* Release */,
			);
			defaultConfigurationIsVisible = 0;
			defaultConfigurationName = Release;
		};
/* End XCConfigurationList section */
	};
	rootObject = 523D14901F82A76400DE989A /* Project object */;
}
